<?xml version="1.0" encoding="UTF-8" standalone="yes" ?>
<CodeBlocks_project_file>
	<FileVersion major="1" minor="6" />
	<Project>
		<Option title="Grafos" />
		<Option pch_mode="2" />
		<Option compiler="gcc" />
		<Build>
			<Target title="Debug">
				<Option output="bin/Debug/Grafos" prefix_auto="1" extension_auto="1" />
				<Option object_output="obj/Debug/" />
				<Option type="1" />
				<Option compiler="gcc" />
				<Compiler>
					<Add option="-g" />
				</Compiler>
			</Target>
			<Target title="Release">
				<Option output="bin/Release/Grafos" prefix_auto="1" extension_auto="1" />
				<Option object_output="obj/Release/" />
				<Option type="1" />
				<Option compiler="gcc" />
				<Compiler>
					<Add option="-O2" />
				</Compiler>
				<Linker>
					<Add option="-s" />
				</Linker>
			</Target>
		</Build>
		<Compiler>
			<Add option="-Wall" />
			<Add option="-fexceptions" />
		</Compiler>
		<Unit filename="Edge.hpp" />
		<Unit filename="Graph.cpp">
			<Option compile="0" />
			<Option link="0" />
		</Unit>
		<Unit filename="Graph.hpp" />
		<Unit filename="Node.hpp" />
		<Unit filename="defines.hpp" />
		<Unit filename="instances/instance1.txt" />
		<Unit filename="instances/instance10.txt" />
		<Unit filename="instances/instance11.txt" />
		<Unit filename="instances/instance12.txt" />
		<Unit filename="instances/instance13.txt" />
		<Unit filename="instances/instance14.txt" />
		<Unit filename="instances/instance2.txt" />
		<Unit filename="instances/instance3.txt" />
		<Unit filename="instances/instance4.txt" />
		<Unit filename="instances/instance5.txt" />
		<Unit filename="instances/instance6.txt" />
		<Unit filename="instances/instance7.txt" />
		<Unit filename="instances/instance8.txt" />
		<Unit filename="instances/instance9.txt" />
		<Unit filename="main.cpp" />
		<Extensions />
	</Project>
</CodeBlocks_project_file>
